{
  "name": "oftagest",
  "lockfileVersion": 3,
  "requires": true,
  "packages": {
    "": {
      "devDependencies": {
        "fallow": "^2.69.0"
      }
    },
    "node_modules/@fallow-cli/darwin-arm64": {
      "version": "2.69.0",
      "resolved": "https://registry.npmjs.org/@fallow-cli/darwin-arm64/-/darwin-arm64-2.69.0.tgz",
      "integrity": "sha512-8pp/AY4lNml/N9Bo0xbSzrmvyiiJg6lz5i8G9HCEptrH9W2YyFhQYm0XTbwoy3ATNnjw3aRDajiFTV5njahhSQ==",
      "cpu": [
        "arm64"
      ],
      "dev": true,
      "license": "MIT",
      "optional": true,
      "os": [
        "darwin"
      ]
    },
    "node_modules/@fallow-cli/darwin-x64": {
      "version": "2.69.0",
      "resolved": "https://registry.npmjs.org/@fallow-cli/darwin-x64/-/darwin-x64-2.69.0.tgz",
      "integrity": "sha512-nCZwXCJC+MQpwDb0CS4aGHPbaNAnH5//eceotjGc/sSrvXYg3oINAP2ztVDwBAUwwiYwiOGU0W1npVIoQrYgVQ==",
      "cpu": [
        "x64"
      ],
      "dev": true,
      "license": "MIT",
      "optional": true,
      "os": [
        "darwin"
      ]
    },
    "node_modules/@fallow-cli/linux-arm64-gnu": {
      "version": "2.69.0",
      "resolved": "https://registry.npmjs.org/@fallow-cli/linux-arm64-gnu/-/linux-arm64-gnu-2.69.0.tgz",
      "integrity": "sha512-cfRKQHZMXd8/k8Arr2LlYr2eZDvqx/jZ6K30/8ji/iREXcGYkhfFB4Hk53t7CP8MxbtXGzJ05yyC7n+gf3MOaw==",
      "cpu": [
        "arm64"
      ],
      "dev": true,
      "license": "MIT",
      "optional": true,
      "os": [
        "linux"
      ]
    },
    "node_modules/@fallow-cli/linux-arm64-musl": {
      "version": "2.69.0",
      "resolved": "https://registry.npmjs.org/@fallow-cli/linux-arm64-musl/-/linux-arm64-musl-2.69.0.tgz",
      "integrity": "sha512-SgOcAG0VMWJ1eOsMvOdIGYYjebUNsTzNHaOnUch2o8KFvaZkWuoLvfllLC7jI5UMbC4dET/+siOcruKprxPR5w==",
      "cpu": [
        "arm64"
      ],
      "dev": true,
      "license": "MIT",
      "optional": true,
      "os": [
        "linux"
      ]
    },
    "node_modules/@fallow-cli/linux-x64-gnu": {
      "version": "2.69.0",
      "resolved": "https://registry.npmjs.org/@fallow-cli/linux-x64-gnu/-/linux-x64-gnu-2.69.0.tgz",
      "integrity": "sha512-mx9h6Fv7IpoFWJtilKlNFWtANbsxMSDDdHTatYN+VJh9WpsmgMgsoiyxI+K3lheLUe9albgMZjOa3EKlR8ry7w==",
      "cpu": [
        "x64"
      ],
      "dev": true,
      "license": "MIT",
      "optional": true,
      "os": [
        "linux"
      ]
    },
    "node_modules/@fallow-cli/linux-x64-musl": {
      "version": "2.69.0",
      "resolved": "https://registry.npmjs.org/@fallow-cli/linux-x64-musl/-/linux-x64-musl-2.69.0.tgz",
      "integrity": "sha512-H5oS1lge94bp6GoxCgJgi+wT36zD9nDW7rTxBfEG6gqXKpALYs3uIF4lbzzELNC8GZwGe4YQhMxxqGm5CXfCrg==",
      "cpu": [
        "x64"
      ],
      "dev": true,
      "license": "MIT",
      "optional": true,
      "os": [
        "linux"
      ]
    },
    "node_modules/@fallow-cli/win32-arm64-msvc": {
      "version": "2.69.0",
      "resolved": "https://registry.npmjs.org/@fallow-cli/win32-arm64-msvc/-/win32-arm64-msvc-2.69.0.tgz",
      "integrity": "sha512-NEl4EnKzXw/lwrboUiAxWHrVx4tBO+cpNuPmvJoRsLS8wG5UIOxbyjHjD9Ux2FbwXNaRzZZ+vjLJAvGdOEU0Xw==",
      "cpu": [
        "arm64"
      ],
      "dev": true,
      "license": "MIT",
      "optional": true,
      "os": [
        "win32"
      ]
    },
    "node_modules/@fallow-cli/win32-x64-msvc": {
      "version": "2.69.0",
      "resolved": "https://registry.npmjs.org/@fallow-cli/win32-x64-msvc/-/win32-x64-msvc-2.69.0.tgz",
      "integrity": "sha512-EeL+Bbdg9XOgMl7tG0k6DCKhCaXLS0EPiy3HWccKUaMYDgR+haUWDzAGa9nJqIBlR4GYz/lz6amSCJtV+XsMzA==",
      "cpu": [
        "x64"
      ],
      "dev": true,
      "license": "MIT",
      "optional": true,
      "os": [
        "win32"
      ]
    },
    "node_modules/detect-libc": {
      "version": "2.1.2",
      "resolved": "https://registry.npmjs.org/detect-libc/-/detect-libc-2.1.2.tgz",
      "integrity": "sha512-Btj2BOOO83o3WyH59e8MgXsxEQVcarkUOpEYrubB0urwnN10yQ364rsiByU11nZlqWYZm05i/of7io4mzihBtQ==",
      "dev": true,
      "license": "Apache-2.0",
      "engines": {
        "node": ">=8"
      }
    },
    "node_modules/fallow": {
      "version": "2.69.0",
      "resolved": "https://registry.npmjs.org/fallow/-/fallow-2.69.0.tgz",
      "integrity": "sha512-N3vPCjKSJ6mM919xoOtbImoksCgtTllC/y2xOe3aQfffK5AVJNvP4STgZ69xnqcMTfSB6CYQBFbHPnKgfOgrVg==",
      "dev": true,
      "hasInstallScript": true,
      "license": "MIT",
      "dependencies": {
        "detect-libc": "2.1.2"
      },
      "bin": {
        "fallow": "bin/fallow",
        "fallow-lsp": "bin/fallow-lsp",
        "fallow-mcp": "bin/fallow-mcp"
      },
      "engines": {
        "node": ">=16"
      },
      "optionalDependencies": {
        "@fallow-cli/darwin-arm64": "2.69.0",
        "@fallow-cli/darwin-x64": "2.69.0",
        "@fallow-cli/linux-arm64-gnu": "2.69.0",
        "@fallow-cli/linux-arm64-musl": "2.69.0",
        "@fallow-cli/linux-x64-gnu": "2.69.0",
        "@fallow-cli/linux-x64-musl": "2.69.0",
        "@fallow-cli/win32-arm64-msvc": "2.69.0",
        "@fallow-cli/win32-x64-msvc": "2.69.0"
      }
    }
  }
}
